{
  "name": "demo",
  "version": "1.0.0",
  "lockfileVersion": 1,
  "requires": true,
  "dependencies": {
    "emails-input": {
      "version": "0.0.1",
      "resolved": "https://registry.npmjs.org/emails-input/-/emails-input-0.0.1.tgz",
      "integrity": "sha512-fqrKd5Nm8c0aO41UqBI0lch06r5QtAIUEXGe0p3qyR+Tnn7LSIybhenW+BaO3MXW1fZGGK6NszDQ5J8jMmHWug=="
    }
  }
}
